github.com/elastic/go-elasticsearch/v7 v7.6.0 h1:sYpGLpEFHgLUKLsZUBfuaVI9QgHjS3JdH9fX4/z8QI8=
github.com/elastic/go-elasticsearch/v7 v7.6.0/go.mod h1:OJ4wdbtDNk5g503kvlHLyErCgQwwzmDtaFC4XyOxXA4=
github.com/gorilla/mux v1.7.4 h1:VuZ8uybHlWmqV03+zRzdwKL4tUnIp1MAQtp1mIFE1bc=
github.com/gorilla/mux v1.7.4/go.mod h1:DVbg23sWSpFRCP0SfiEN6jmj59UnW/n46BH5rLB71So=
